
Microsoft Visual Studio Solution File, Format Version 12.00
# Visual Studio Version 17
VisualStudioVersion = 17.5.002.0
MinimumVisualStudioVersion = 10.0.40219.1
Project("{9A19103F-16F7-4668-BE54-9A1E7A4F7556}") = "starter_project", "starter_project.csproj", "{6E5DB325-3875-4FA9-A7A4-10DA759403BB}"
EndProject
Global
	GlobalSection(SolutionConfigurationPlatforms) = preSolution
		Debug|Any CPU = Debug|Any CPU
		Release|Any CPU = Release|Any CPU
	EndGlobalSection
	GlobalSection(ProjectConfigurationPlatforms) = postSolution
		{6E5DB325-3875-4FA9-A7A4-10DA759403BB}.Debug|Any CPU.ActiveCfg = Debug|Any CPU
		{6E5DB325-3875-4FA9-A7A4-10DA759403BB}.Debug|Any CPU.Build.0 = Debug|Any CPU
		{6E5DB325-3875-4FA9-A7A4-10DA759403BB}.Release|Any CPU.ActiveCfg = Release|Any CPU
		{6E5DB325-3875-4FA9-A7A4-10DA759403BB}.Release|Any CPU.Build.0 = Release|Any CPU
	EndGlobalSection
	GlobalSection(SolutionProperties) = preSolution
		HideSolutionNode = FALSE
	EndGlobalSection
	GlobalSection(ExtensibilityGlobals) = postSolution
		SolutionGuid = {649910AD-4FB6-43C3-8C79-2D0AA6ECC70A}
	EndGlobalSection
EndGlobal
